
Microsoft Visual Studio Solution File, Format Version 12.00
# Visual Studio 15
VisualStudioVersion = 15.0.28307.489
MinimumVisualStudioVersion = 10.0.40219.1
Project("{FAE04EC0-301F-11D3-BF4B-00C04F79EFBC}") = "mail_ui_tests", "mail_ui_tests\mail_ui_tests.csproj", "{61C8ACA4-7F41-465D-AB4F-D85AF97834F9}"
EndProject
Global
	GlobalSection(SolutionConfigurationPlatforms) = preSolution
		Debug|Any CPU = Debug|Any CPU
		Release|Any CPU = Release|Any CPU
	EndGlobalSection
	GlobalSection(ProjectConfigurationPlatforms) = postSolution
		{61C8ACA4-7F41-465D-AB4F-D85AF97834F9}.Debug|Any CPU.ActiveCfg = Debug|Any CPU
		{61C8ACA4-7F41-465D-AB4F-D85AF97834F9}.Debug|Any CPU.Build.0 = Debug|Any CPU
		{61C8ACA4-7F41-465D-AB4F-D85AF97834F9}.Release|Any CPU.ActiveCfg = Release|Any CPU
		{61C8ACA4-7F41-465D-AB4F-D85AF97834F9}.Release|Any CPU.Build.0 = Release|Any CPU
	EndGlobalSection
	GlobalSection(SolutionProperties) = preSolution
		HideSolutionNode = FALSE
	EndGlobalSection
	GlobalSection(ExtensibilityGlobals) = postSolution
		SolutionGuid = {B055353E-F4DB-47E2-9A8C-954761528E3F}
	EndGlobalSection
EndGlobal
